
Microsoft Visual Studio Solution File, Format Version 12.00
# Visual Studio Version 16
VisualStudioVersion = 16.0.30621.155
MinimumVisualStudioVersion = 10.0.40219.1
Project("{FAE04EC0-301F-11D3-BF4B-00C04F79EFBC}") = "L1_Calculator", "L1_Calculator\L1_Calculator.csproj", "{E28AB928-F625-4B50-9DA5-B98E91B3C868}"
EndProject
Project("{FAE04EC0-301F-11D3-BF4B-00C04F79EFBC}") = "Calculator.Test.Unit", "Calculator.Test.Unit\Calculator.Test.Unit.csproj", "{B6060474-E49C-42A5-A68E-429522392B8F}"
EndProject
Global
	GlobalSection(SolutionConfigurationPlatforms) = preSolution
		Debug|Any CPU = Debug|Any CPU
		Release|Any CPU = Release|Any CPU
	EndGlobalSection
	GlobalSection(ProjectConfigurationPlatforms) = postSolution
		{E28AB928-F625-4B50-9DA5-B98E91B3C868}.Debug|Any CPU.ActiveCfg = Debug|Any CPU
		{E28AB928-F625-4B50-9DA5-B98E91B3C868}.Debug|Any CPU.Build.0 = Debug|Any CPU
		{E28AB928-F625-4B50-9DA5-B98E91B3C868}.Release|Any CPU.ActiveCfg = Release|Any CPU
		{E28AB928-F625-4B50-9DA5-B98E91B3C868}.Release|Any CPU.Build.0 = Release|Any CPU
		{B6060474-E49C-42A5-A68E-429522392B8F}.Debug|Any CPU.ActiveCfg = Debug|Any CPU
		{B6060474-E49C-42A5-A68E-429522392B8F}.Debug|Any CPU.Build.0 = Debug|Any CPU
		{B6060474-E49C-42A5-A68E-429522392B8F}.Release|Any CPU.ActiveCfg = Release|Any CPU
		{B6060474-E49C-42A5-A68E-429522392B8F}.Release|Any CPU.Build.0 = Release|Any CPU
	EndGlobalSection
	GlobalSection(SolutionProperties) = preSolution
		HideSolutionNode = FALSE
	EndGlobalSection
	GlobalSection(ExtensibilityGlobals) = postSolution
		SolutionGuid = {AA51EF50-53C1-4789-9781-FD676CADD6DB}
	EndGlobalSection
EndGlobal
